{
  "name": "@onenov/onenov-tea",
  "version": "1.0.0",
  "lockfileVersion": 3,
  "requires": true,
  "packages": {
    "": {
      "name": "@onenov/onenov-tea",
      "version": "1.0.0",
      "license": "ISC",
      "dependencies": {
        "onenov-tea": "^1.0.0"
      },
      "devDependencies": {}
    },
    "node_modules/onenov-tea": {
      "version": "1.0.0",
      "resolved": "https://registry.npmjs.org/onenov-tea/-/onenov-tea-1.0.0.tgz",
      "integrity": "sha512-FOsMiBj5WoCnGUGlNZ9N4m6/PsLJetIMPnoqjjwY+YJXUhylGIsdZgaZF3hiok6+3vc4CMpf/EQ2OhmDUalg3A=="
    }
  }
}
